
Microsoft Visual Studio Solution File, Format Version 12.00
Project("{FAE04EC0-301F-11D3-BF4B-00C04F79EFBC}") = "BotLooter", "BotLooter\BotLooter.csproj", "{778E6E6F-DEC3-4BE7-8EDC-F72EE9A7B0D5}"
EndProject
Global
	GlobalSection(SolutionConfigurationPlatforms) = preSolution
		Debug|Any CPU = Debug|Any CPU
		Release|Any CPU = Release|Any CPU
	EndGlobalSection
	GlobalSection(ProjectConfigurationPlatforms) = postSolution
		{778E6E6F-DEC3-4BE7-8EDC-F72EE9A7B0D5}.Debug|Any CPU.ActiveCfg = Debug|Any CPU
		{778E6E6F-DEC3-4BE7-8EDC-F72EE9A7B0D5}.Debug|Any CPU.Build.0 = Debug|Any CPU
		{778E6E6F-DEC3-4BE7-8EDC-F72EE9A7B0D5}.Release|Any CPU.ActiveCfg = Release|Any CPU
		{778E6E6F-DEC3-4BE7-8EDC-F72EE9A7B0D5}.Release|Any CPU.Build.0 = Release|Any CPU
	EndGlobalSection
EndGlobal
